{
  "name": "node_resources",
  "requires": true,
  "lockfileVersion": 1,
  "dependencies": {
    "@applitools/dom-capture": {
      "version": "7.0.10",
      "resolved": "https://registry.npmjs.org/@applitools/dom-capture/-/dom-capture-7.0.10.tgz",
      "integrity": "sha512-WkX+evMtvRKwVv+MlW4D/C9+3SaJIO1+cGYFd4n3p+rH+z8k5VrUsB0EfbCVQSa71LAY45RuRHJo2c2IR20qwg==",
      "requires": {
        "@applitools/functional-commons": "^1.0.27"
      }
    },
    "@applitools/dom-snapshot": {
      "version": "1.2.4",
      "resolved": "https://registry.npmjs.org/@applitools/dom-snapshot/-/dom-snapshot-1.2.4.tgz",
      "integrity": "sha512-5m6WQcfU7oEaf+k8YLz61HJL0qRFbYy/fZkTeRRnFfgxWJ/Z0QfF2iXbcflIo6Xd7a/hkxoN5+qjOaV8PATDEg==",
      "requires": {
        "@applitools/functional-commons": "^1.3.7"
      }
    },
    "@applitools/functional-commons": {
      "version": "1.4.1",
      "resolved": "https://registry.npmjs.org/@applitools/functional-commons/-/functional-commons-1.4.1.tgz",
      "integrity": "sha512-fdujyjZNzG5vxtWC8JZY0Kc6pIybpI3k3ookOBMKmntejKGzKZbufRRNG3okyj10OD+a9DtnHtl3lEkDPlB+Ug=="
    }
  }
}
