{
  "name": "node_resources",
  "requires": true,
  "lockfileVersion": 1,
  "dependencies": {
    "@applitools/dom-capture": {
      "version": "7.1.3",
      "resolved": "https://registry.npmjs.org/@applitools/dom-capture/-/dom-capture-7.1.3.tgz",
      "integrity": "sha512-mR8UhWCtE9iIos6u0J5O/zzHZsUgzI2AepQ7xqTQtxoeT4gIGsHuxlVLVJb2ixuUtteMChrsaCPVWXNz8mRRtA==",
      "requires": {
        "@applitools/functional-commons": "^1.5.4"
      }
    },
    "@applitools/dom-snapshot": {
      "version": "3.3.3",
      "resolved": "https://registry.npmjs.org/@applitools/dom-snapshot/-/dom-snapshot-3.3.3.tgz",
      "integrity": "sha512-qGiYHPbMO6rp7zZKZ5idLLpesPBy9ZzYNOEzX3d6PE7grq2OV8D6V67miqG4GiQY1o5owSuG+ieIuWkGiQJSoA==",
      "requires": {
        "@applitools/functional-commons": "^1.5.4"
      }
    },
    "@applitools/functional-commons": {
      "version": "1.5.5",
      "resolved": "https://registry.npmjs.org/@applitools/functional-commons/-/functional-commons-1.5.5.tgz",
      "integrity": "sha512-Rxj5MlylqWbeWkRIKWct1IqxzdF0jlAUnCceWV1/042rlAYgNSiGFH97cOytO5TvUZMKM3R8QzonHUvAwUa5rA=="
    }
  }
}
