{
  "name": "node_resources",
  "requires": true,
  "lockfileVersion": 1,
  "dependencies": {
    "@applitools/dom-capture": {
      "version": "7.2.4",
      "resolved": "https://registry.npmjs.org/@applitools/dom-capture/-/dom-capture-7.2.4.tgz",
      "integrity": "sha512-GcsAe+52Fzrjc9s9opD2JNGYUmIztBF3nTUHLdFuFIkHAYuuIUixEwdiHQLW/IOI51dua6yvOs4it2XlMHFPrw==",
      "requires": {
        "@applitools/functional-commons": "1.5.4"
      }
    },
    "@applitools/dom-snapshot": {
      "version": "3.7.1",
      "resolved": "https://registry.npmjs.org/@applitools/dom-snapshot/-/dom-snapshot-3.7.1.tgz",
      "integrity": "sha512-VRH752F2hvXiMT1xfM/ktQ133SQ0MA8TKuhztjB0G9936sGBlNKKe+wx+lfqL3soa60RhND/LIwnubkmB4r21Q==",
      "requires": {
        "@applitools/functional-commons": "1.5.4",
        "css-tree": "^1.0.0-alpha.39"
      }
    },
    "@applitools/functional-commons": {
      "version": "1.5.4",
      "resolved": "https://registry.npmjs.org/@applitools/functional-commons/-/functional-commons-1.5.4.tgz",
      "integrity": "sha512-R+p4fliS8j6YlZNSLgsx6cBpjlmZaec67v9PpophPW5vXnOJFVcELnoeO21AVG1kbHu0FeAk025xr99EUTppFw=="
    },
    "css-tree": {
      "version": "1.0.0-alpha.39",
      "resolved": "https://registry.npmjs.org/css-tree/-/css-tree-1.0.0-alpha.39.tgz",
      "integrity": "sha512-7UvkEYgBAHRG9Nt980lYxjsTrCyHFN53ky3wVsDkiMdVqylqRt+Zc+jm5qw7/qyOvN2dHSYtX0e4MbCCExSvnA==",
      "requires": {
        "mdn-data": "2.0.6",
        "source-map": "^0.6.1"
      }
    },
    "mdn-data": {
      "version": "2.0.6",
      "resolved": "https://registry.npmjs.org/mdn-data/-/mdn-data-2.0.6.tgz",
      "integrity": "sha512-rQvjv71olwNHgiTbfPZFkJtjNMciWgswYeciZhtvWLO8bmX3TnhyA62I6sTWOyZssWHJJjY6/KiWwqQsWWsqOA=="
    },
    "source-map": {
      "version": "0.6.1",
      "resolved": "https://registry.npmjs.org/source-map/-/source-map-0.6.1.tgz",
      "integrity": "sha512-UjgapumWlbMhkBgzT7Ykc5YXUT46F0iKu8SGXq0bcwP5dz/h0Plj6enJqjz1Zbq2l5WaqYnrVbwWOWMyF3F47g=="
    }
  }
}
